lockfileVersion: '9.0'

settings:
  autoInstallPeers: true
  excludeLinksFromLockfile: false

importers:

  .:
    dependencies:
      '@xhayper/discord-rpc':
        specifier: ^1.5.1
        version: 1.5.1
      fflate:
        specifier: ^0.8.3
        version: 0.8.3
      pino:
        specifier: ^10.4.0
        version: 10.4.0

packages:

  '@discordjs/collection@2.1.1':
    resolution: {integrity: sha512-LiSusze9Tc7qF03sLCujF5iZp7K+vRNEDBZ86FT9aQAv3vxMLihUvKvpsCWiQ2DJq1tVckopKm1rxomgNUc9hg==}
    engines: {node: '>=18'}

  '@discordjs/rest@2.6.3':
    resolution: {integrity: sha512-wvOylxNYJkwKjctS/Mn5GP1w9r3/rzyH+ThD1JlAca6zEdlHs8QWBBUQJpU5Q+W6DoIj/Ljh1IPlZs7hTU+UAg==}
    engines: {node: '>=18'}

  '@discordjs/util@1.2.0':
    resolution: {integrity: sha512-3LKP7F2+atl9vJFhaBjn4nOaSWahZ/yWjOvA4e5pnXkt2qyXRCHLxoBQy81GFtLGCq7K9lPm9R517M1U+/90Qg==}
    engines: {node: '>=18'}

  '@pinojs/redact@0.4.0':
    resolution: {integrity: sha512-k2ENnmBugE/rzQfEcdWHcCY+/FM3VLzH9cYEsbdsoqrvzAKRhUZeRNhAZvB8OitQJ1TBed3yqWtdjzS6wJKBwg==}

  '@sapphire/async-queue@1.5.5':
    resolution: {integrity: sha512-cvGzxbba6sav2zZkH8GPf2oGk9yYoD5qrNWdu9fRehifgnFZJMV+nuy2nON2roRO4yQQ+v7MK/Pktl/HgfsUXg==}
    engines: {node: '>=v14.0.0', npm: '>=7.0.0'}

  '@sapphire/snowflake@3.5.5':
    resolution: {integrity: sha512-xzvBr1Q1c4lCe7i6sRnrofxeO1QTP/LKQ6A6qy0iB4x5yfiSfARMEQEghojzTNALDTcv8En04qYNIco9/K9eZQ==}
    engines: {node: '>=v14.0.0', npm: '>=7.0.0'}

  '@vladfrangu/async_event_emitter@2.4.7':
    resolution: {integrity: sha512-Xfe6rpCTxSxfbswi/W/Pz7zp1WWSNn4A0eW4mLkQUewCrXXtMj31lCg+iQyTkh/CkusZSq9eDflu7tjEDXUY6g==}
    engines: {node: '>=v14.0.0', npm: '>=7.0.0'}

  '@xhayper/discord-rpc@1.5.1':
    resolution: {integrity: sha512-O/QEEAVe1klBhpvA6WpATzrtC6gnb9dqFFTZV/pl9gZpVlrhk/ZcTw6uPSA6d/FWlAD/hzsxX3ueLfVm8fq5xQ==}
    engines: {node: '>=20'}

  atomic-sleep@1.0.0:
    resolution: {integrity: sha512-kNOjDqAh7px0XWNI+4QbzoiR/nTkHAWNud2uvnJquD1/x5a7EQZMJT0AczqK0Qn67oY/TTQ1LbUKajZpp3I9tQ==}
    engines: {node: '>=8.0.0'}

  discord-api-types@0.38.56:
    resolution: {integrity: sha512-Hti4RZsGvF5C7SM8rF2MDHtIm0Hyfrlk84GpEA29nj91tvVVMvX+oQSCodu10t2ZcjFGofq8TX0YyC04B2E69Q==}

  fflate@0.8.3:
    resolution: {integrity: sha512-tbZNuJrLwGUp3zshBtdy4W+ORxZuIh8a5ilyIEQDC5rY1f3U20JMry0Ll3WBzU58EZKsEuJFXhb5gwv8CsPvgA==}

  magic-bytes.js@1.13.1:
    resolution: {integrity: sha512-x5sn4UX2k5gCWlcfmoFwG4TPie8+dctESyqOBdhB5p6MsgWXdBKGmt9nXPObj/JI50TTL928lc5Yt1WntMn1bw==}

  on-exit-leak-free@2.1.2:
    resolution: {integrity: sha512-0eJJY6hXLGf1udHwfNftBqH+g73EU4B504nZeKpz1sYRKafAghwxEJunB2O7rDZkL4PGfsMVnTXZ2EjibbqcsA==}
    engines: {node: '>=14.0.0'}

  pino-abstract-transport@3.0.0:
    resolution: {integrity: sha512-wlfUczU+n7Hy/Ha5j9a/gZNy7We5+cXp8YL+X+PG8S0KXxw7n/JXA3c46Y0zQznIJ83URJiwy7Lh56WLokNuxg==}

  pino-std-serializers@7.1.0:
    resolution: {integrity: sha512-BndPH67/JxGExRgiX1dX0w1FvZck5Wa4aal9198SrRhZjH3GxKQUKIBnYJTdj2HDN3UQAS06HlfcSbQj2OHmaw==}

  pino@10.4.0:
    resolution: {integrity: sha512-bk1ZMTwG/Vymx+zPoa28MhNzucFvXJWp3csrSuxuHPSMeUettaCoQ5Jvg07mtC4JGNpcfTwz41oVCnNgBK9+vA==}
    hasBin: true

  process-warning@5.1.0:
    resolution: {integrity: sha512-jQSaVHsPgtyw60e1rQ/A+/ArPEj/S8pS/vFnyGa/gYFXrKk/6RuDkoqVDQ5NI5MmS01698ltlAk0NoDBNLujRw==}

  quick-format-unescaped@4.0.4:
    resolution: {integrity: sha512-tYC1Q1hgyRuHgloV/YXs2w15unPVh8qfu/qCTfhTYamaw7fyhumKa2yGpdSo87vY32rIclj+4fWYQXUMs9EHvg==}

  real-require@1.0.0:
    resolution: {integrity: sha512-P4nbQYQfePJxRSmY+v/KINxVucm4NF3p3s7pJveMTtom52FR4YGltUQLB8idDXwDDWW+eYrWDFbuzUnjoWHF7g==}

  safe-stable-stringify@2.5.0:
    resolution: {integrity: sha512-b3rppTKm9T+PsVCBEOUR46GWI7fdOs00VKZ1+9c1EWDaDMvjQc6tUwuFyIprgGgTcWoVHSKrU8H31ZHA2e0RHA==}
    engines: {node: '>=10'}

  sonic-boom@4.2.1:
    resolution: {integrity: sha512-w6AxtubXa2wTXAUsZMMWERrsIRAdrK0Sc+FUytWvYAhBJLyuI4llrMIC1DtlNSdI99EI86KZum2MMq3EAZlF9Q==}

  split2@4.2.0:
    resolution: {integrity: sha512-UcjcJOWknrNkF6PLX83qcHM6KHgVKNkV62Y8a5uYDVv9ydGQVwAHMKqHdJje1VTWpljG0WYpCDhrCdAOYH4TWg==}
    engines: {node: '>= 10.x'}

  thread-stream@4.2.0:
    resolution: {integrity: sha512-e2zZ96wSChazBsbENf/Pcm/4swHt2cEKQ92rhUjkL9GCKiTDJIaTBenjE/m9DXi0QBmTMDkFDdOomUy20A1tDQ==}
    engines: {node: '>=20'}

  tslib@2.8.1:
    resolution: {integrity: sha512-oJFu94HQb+KVduSUQL7wnpmqnfmLsOA/nAh6b6EH0wCEoK0/mPeXU6c3wKDV83MkOuHPRHtSXKKU99IBazS/2w==}

  undici@6.29.0:
    resolution: {integrity: sha512-R+RODBqp6i2pPflGdq+xIOUkl+RNfGgHwoinecKu/JCuf2uO06cOKoDbI2P7Dn6KcswdKwrczbU6IYJ6K8X+wg==}
    engines: {node: '>=18.17'}

snapshots:

  '@discordjs/collection@2.1.1': {}

  '@discordjs/rest@2.6.3':
    dependencies:
      '@discordjs/collection': 2.1.1
      '@discordjs/util': 1.2.0
      '@sapphire/async-queue': 1.5.5
      '@sapphire/snowflake': 3.5.5
      '@vladfrangu/async_event_emitter': 2.4.7
      discord-api-types: 0.38.56
      magic-bytes.js: 1.13.1
      tslib: 2.8.1
      undici: 6.29.0

  '@discordjs/util@1.2.0':
    dependencies:
      discord-api-types: 0.38.56

  '@pinojs/redact@0.4.0': {}

  '@sapphire/async-queue@1.5.5': {}

  '@sapphire/snowflake@3.5.5': {}

  '@vladfrangu/async_event_emitter@2.4.7': {}

  '@xhayper/discord-rpc@1.5.1':
    dependencies:
      '@discordjs/rest': 2.6.3
      '@vladfrangu/async_event_emitter': 2.4.7
      discord-api-types: 0.38.56

  atomic-sleep@1.0.0: {}

  discord-api-types@0.38.56: {}

  fflate@0.8.3: {}

  magic-bytes.js@1.13.1: {}

  on-exit-leak-free@2.1.2: {}

  pino-abstract-transport@3.0.0:
    dependencies:
      split2: 4.2.0

  pino-std-serializers@7.1.0: {}

  pino@10.4.0:
    dependencies:
      '@pinojs/redact': 0.4.0
      atomic-sleep: 1.0.0
      on-exit-leak-free: 2.1.2
      pino-abstract-transport: 3.0.0
      pino-std-serializers: 7.1.0
      process-warning: 5.1.0
      quick-format-unescaped: 4.0.4
      real-require: 1.0.0
      safe-stable-stringify: 2.5.0
      sonic-boom: 4.2.1
      thread-stream: 4.2.0

  process-warning@5.1.0: {}

  quick-format-unescaped@4.0.4: {}

  real-require@1.0.0: {}

  safe-stable-stringify@2.5.0: {}

  sonic-boom@4.2.1:
    dependencies:
      atomic-sleep: 1.0.0

  split2@4.2.0: {}

  thread-stream@4.2.0:
    dependencies:
      real-require: 1.0.0

  tslib@2.8.1: {}

  undici@6.29.0: {}
